
Microsoft Visual Studio Solution File, Format Version 12.00
# Visual Studio Version 17
VisualStudioVersion = 17.4.33205.214
MinimumVisualStudioVersion = 10.0.40219.1
Project("{9A19103F-16F7-4668-BE54-9A1E7A4F7556}") = "TestShapes", "TestShapes\TestShapes.csproj", "{E478F780-2515-4408-BD2C-11295F5BCC00}"
EndProject
Project("{9A19103F-16F7-4668-BE54-9A1E7A4F7556}") = "ShapesLibrary", "ShapesLibrary\ShapesLibrary.csproj", "{7521FA8C-9725-4BBE-A265-EFA9594FCC4C}"
EndProject
Global
	GlobalSection(SolutionConfigurationPlatforms) = preSolution
		Debug|Any CPU = Debug|Any CPU
		Release|Any CPU = Release|Any CPU
	EndGlobalSection
	GlobalSection(ProjectConfigurationPlatforms) = postSolution
		{E478F780-2515-4408-BD2C-11295F5BCC00}.Debug|Any CPU.ActiveCfg = Debug|Any CPU
		{E478F780-2515-4408-BD2C-11295F5BCC00}.Debug|Any CPU.Build.0 = Debug|Any CPU
		{E478F780-2515-4408-BD2C-11295F5BCC00}.Release|Any CPU.ActiveCfg = Release|Any CPU
		{E478F780-2515-4408-BD2C-11295F5BCC00}.Release|Any CPU.Build.0 = Release|Any CPU
		{7521FA8C-9725-4BBE-A265-EFA9594FCC4C}.Debug|Any CPU.ActiveCfg = Debug|Any CPU
		{7521FA8C-9725-4BBE-A265-EFA9594FCC4C}.Debug|Any CPU.Build.0 = Debug|Any CPU
		{7521FA8C-9725-4BBE-A265-EFA9594FCC4C}.Release|Any CPU.ActiveCfg = Release|Any CPU
		{7521FA8C-9725-4BBE-A265-EFA9594FCC4C}.Release|Any CPU.Build.0 = Release|Any CPU
	EndGlobalSection
	GlobalSection(SolutionProperties) = preSolution
		HideSolutionNode = FALSE
	EndGlobalSection
	GlobalSection(ExtensibilityGlobals) = postSolution
		SolutionGuid = {D48BC589-1D76-4819-AAD8-4660190A4941}
	EndGlobalSection
EndGlobal
